
Microsoft Visual Studio Solution File, Format Version 12.00
# Visual Studio Version 17
VisualStudioVersion = 17.7.34221.43
MinimumVisualStudioVersion = 10.0.40219.1
Project("{9A19103F-16F7-4668-BE54-9A1E7A4F7556}") = "Bird Watcher", "Bird Watcher\Bird Watcher.csproj", "{0F9CC8A7-2666-4AE5-9E20-33B890033C69}"
EndProject
Project("{9A19103F-16F7-4668-BE54-9A1E7A4F7556}") = "Need For Speed", "Need For Speed\Need For Speed.csproj", "{8F52CFED-76A7-4BF2-B4B9-E482F5EF036E}"
EndProject
Project("{9A19103F-16F7-4668-BE54-9A1E7A4F7556}") = "Space Age", "Space Age\Space Age.csproj", "{4493E409-A933-4C70-AF19-5B620F98EF09}"
EndProject
Project("{9A19103F-16F7-4668-BE54-9A1E7A4F7556}") = "Anagram", "Anagram\Anagram.csproj", "{2906AA1F-32C6-4934-959A-388ED460FAE5}"
EndProject
Project("{9A19103F-16F7-4668-BE54-9A1E7A4F7556}") = "Diffie-Hellman", "Diffie-Hellman\Diffie-Hellman.csproj", "{F9292612-04D3-4670-A07C-E4E63DAC1124}"
EndProject
Project("{9A19103F-16F7-4668-BE54-9A1E7A4F7556}") = "Wizards and Warriors", "Wizards and Warriors\Wizards and Warriors.csproj", "{F1AA346B-23FC-4363-A150-4270C3FBD70C}"
EndProject
Project("{9A19103F-16F7-4668-BE54-9A1E7A4F7556}") = "Tracks on Tracks on Tracks", "Tracks on Tracks on Tracks\Tracks on Tracks on Tracks.csproj", "{FB862193-AD49-41B9-9DD6-0E69491AFC25}"
EndProject
Project("{9A19103F-16F7-4668-BE54-9A1E7A4F7556}") = "International Calling Connoisseur", "International Calling Connoisseur\International Calling Connoisseur.csproj", "{14F5CD21-5250-414E-A12A-4F11EE53FFD7}"
EndProject
Project("{9A19103F-16F7-4668-BE54-9A1E7A4F7556}") = "Tim from Marketing", "Tim from Marketing\Tim from Marketing.csproj", "{C82EADBA-6229-4EC6-A62E-FBBBE2F6D732}"
EndProject
Project("{9A19103F-16F7-4668-BE54-9A1E7A4F7556}") = "Robot Name", "Robot Name\Robot Name.csproj", "{DC18CF51-C950-4E3F-871C-9447443816A6}"
EndProject
Project("{9A19103F-16F7-4668-BE54-9A1E7A4F7556}") = "Reverse String", "Reverse String\Reverse String.csproj", "{6762A57D-783B-4315-90E6-523AA046087B}"
EndProject
Project("{9A19103F-16F7-4668-BE54-9A1E7A4F7556}") = "Rotational Cipher", "Rotational Cipher\Rotational Cipher.csproj", "{E2B12CF5-31C2-4323-847A-C898BCECED38}"
EndProject
Project("{9A19103F-16F7-4668-BE54-9A1E7A4F7556}") = "Isogram", "Isogram\Isogram.csproj", "{691BB129-1A1C-4942-80F8-5DD19663DA52}"
EndProject
Project("{9A19103F-16F7-4668-BE54-9A1E7A4F7556}") = "Binary Search", "Binary Search\Binary Search.csproj", "{395939B8-CAE7-42EE-A470-30DDA477AAD4}"
EndProject
Project("{9A19103F-16F7-4668-BE54-9A1E7A4F7556}") = "Resistor Color", "Resistor Color\Resistor Color.csproj", "{84941ADA-9608-444A-AF53-29F2C1F3519C}"
EndProject
Project("{9A19103F-16F7-4668-BE54-9A1E7A4F7556}") = "Darts", "Darts\Darts.csproj", "{6F2F954B-7493-4538-8A41-8D66F16ECA46}"
EndProject
Project("{9A19103F-16F7-4668-BE54-9A1E7A4F7556}") = "Resistor Color Duo", "Resistor Color Duo\Resistor Color Duo.csproj", "{8DB5C695-03AB-47D5-9844-3E0D98606069}"
EndProject
Project("{9A19103F-16F7-4668-BE54-9A1E7A4F7556}") = "﻿Hello World", "﻿Hello World\﻿Hello World.csproj", "{88F2275F-E9DA-40C9-8F7B-A88F8899CA6C}"
EndProject
Project("{9A19103F-16F7-4668-BE54-9A1E7A4F7556}") = "Lucians Luscious Lasagna", "Lucians Luscious Lasagna\Lucians Luscious Lasagna.csproj", "{F328B75A-7B9F-4F6B-85D6-A4CC731BCE79}"
EndProject
Project("{9A19103F-16F7-4668-BE54-9A1E7A4F7556}") = "Cars Assemble", "Cars Assemble\Cars Assemble.csproj", "{B3899A27-EC4A-4253-B7F1-4B4021AAB5FB}"
EndProject
Project("{9A19103F-16F7-4668-BE54-9A1E7A4F7556}") = "ETL", "ETL\ETL.csproj", "{46E77906-25A7-4196-A61F-546B269970B8}"
EndProject
Project("{9A19103F-16F7-4668-BE54-9A1E7A4F7556}") = "Difference of Squares", "Difference of Squares\Difference of Squares.csproj", "{273D7EED-2AF8-4697-96CA-D5ED4660603C}"
EndProject
Project("{9A19103F-16F7-4668-BE54-9A1E7A4F7556}") = "Bob", "Bob\Bob.csproj", "{8457889C-0F0B-4FE0-99F5-0CADF81B3064}"
EndProject
Project("{9A19103F-16F7-4668-BE54-9A1E7A4F7556}") = "Annalyns Infiltration", "Annalyns Infiltration\Annalyns Infiltration.csproj", "{5ACD2831-4B23-4433-8928-CE803933FF0A}"
EndProject
Project("{9A19103F-16F7-4668-BE54-9A1E7A4F7556}") = "Interest is Interesting", "Interest is Interesting\Interest is Interesting.csproj", "{810C9F74-9C8B-44AB-A713-0E4F3AEC92E8}"
EndProject
Project("{9A19103F-16F7-4668-BE54-9A1E7A4F7556}") = "Squeaky Clean", "Squeaky Clean\Squeaky Clean.csproj", "{5892B088-D68C-4D34-B20C-100EBD0C67BC}"
EndProject
Project("{9A19103F-16F7-4668-BE54-9A1E7A4F7556}") = "Pangram", "Pangram\Pangram.csproj", "{25100AB7-5720-449B-B052-106FADBF7DAC}"
EndProject
Project("{9A19103F-16F7-4668-BE54-9A1E7A4F7556}") = "Run-Length Encoding", "Run-Length Encoding\Run-Length Encoding.csproj", "{410B726D-008E-47DD-9D6B-D2969A5C6D45}"
EndProject
Project("{9A19103F-16F7-4668-BE54-9A1E7A4F7556}") = "Luhn", "Luhn\Luhn.csproj", "{330FEFE0-A91D-45A5-B00B-E8C9707A5114}"
EndProject
Project("{9A19103F-16F7-4668-BE54-9A1E7A4F7556}") = "Acronym", "Acronym\Acronym.csproj", "{0BF6EB11-AFF3-4B82-B46B-23B4444F6379}"
EndProject
Project("{9A19103F-16F7-4668-BE54-9A1E7A4F7556}") = "Triangle", "Triangle\Triangle.csproj", "{DD13F459-3077-45D2-BA94-5397FF9115D6}"
EndProject
Project("{9A19103F-16F7-4668-BE54-9A1E7A4F7556}") = "Sum Of Multiples", "Sum Of Multiples\Sum Of Multiples.csproj", "{17A2BB5B-5EC1-4A7A-8AE1-3C70CC3CA9DF}"
EndProject
Project("{9A19103F-16F7-4668-BE54-9A1E7A4F7556}") = "Phone Number Analysis", "Phone Number Analysis\Phone Number Analysis.csproj", "{26D66E61-6956-4CFB-9A03-45BD1435CB01}"
EndProject
Project("{9A19103F-16F7-4668-BE54-9A1E7A4F7556}") = "Atbash", "Atbash\Atbash.csproj", "{DD114256-4291-45CE-9BC7-0C86449E75A6}"
EndProject
Project("{9A19103F-16F7-4668-BE54-9A1E7A4F7556}") = "Roll The Die", "Roll The Die\Roll The Die.csproj", "{FD9A2AAC-1423-437A-A72E-B15273F4A572}"
EndProject
Project("{9A19103F-16F7-4668-BE54-9A1E7A4F7556}") = "Leap", "Leap\Leap.csproj", "{EAE71E44-C96F-409A-B6D7-AA46A658D483}"
EndProject
Project("{9A19103F-16F7-4668-BE54-9A1E7A4F7556}") = "Scrabble Score", "Scrabble Score\Scrabble Score.csproj", "{5D0CE308-B33C-4AA4-8A6D-A5C4F22BC2BA}"
EndProject
Project("{9A19103F-16F7-4668-BE54-9A1E7A4F7556}") = "Elon's Toys", "ElonsToys\Elon's Toys.csproj", "{EC1BCE32-979C-4AF3-BA88-9AC98BAAFC9D}"
EndProject
Project("{9A19103F-16F7-4668-BE54-9A1E7A4F7556}") = "Log Levels", "Log Levels\Log Levels.csproj", "{5BB666A1-504D-475F-B182-46F1C3298359}"
EndProject
Project("{9A19103F-16F7-4668-BE54-9A1E7A4F7556}") = "Pythagorean Triplet", "Pythagorean Triplet\Pythagorean Triplet.csproj", "{9951F47D-DFFD-4E26-A10A-DFB58D4354A7}"
EndProject
Project("{9A19103F-16F7-4668-BE54-9A1E7A4F7556}") = "Log Analysis", "Log Analysis\Log Analysis.csproj", "{40E90E66-3428-4578-935E-7F247DB5D405}"
EndProject
Project("{9A19103F-16F7-4668-BE54-9A1E7A4F7556}") = "Accumulate", "Accumulate\Accumulate.csproj", "{C75D0BF5-F0CD-4E18-B8E7-2851379EB68C}"
EndProject
Project("{9A19103F-16F7-4668-BE54-9A1E7A4F7556}") = "Matching Brackets", "Matching Brackets\Matching Brackets.csproj", "{DA0B7608-D9A2-46CD-BF74-A8592F1DB62E}"
EndProject
Project("{9A19103F-16F7-4668-BE54-9A1E7A4F7556}") = "ProteinTranslation", "ProteinTranslation\ProteinTranslation.csproj", "{FF44AEBA-ED3E-4C34-A473-0E7200E9BD4C}"
EndProject
Project("{9A19103F-16F7-4668-BE54-9A1E7A4F7556}") = "Transpose", "Transpose\Transpose.csproj", "{90DBC058-9E87-40AE-8326-D05B8A62619D}"
EndProject
Project("{9A19103F-16F7-4668-BE54-9A1E7A4F7556}") = "Football Match Reports", "Football Match Reports\Football Match Reports.csproj", "{787738FD-7A6C-4DED-8293-9A680202166C}"
EndProject
Project("{9A19103F-16F7-4668-BE54-9A1E7A4F7556}") = "Calculator Conundrum", "Calculator Conundrum\Calculator Conundrum.csproj", "{A954BC9B-0169-4FE0-BE7A-39D9E6088113}"
EndProject
Project("{9A19103F-16F7-4668-BE54-9A1E7A4F7556}") = "Nth Prime", "Nth Prime\Nth Prime.csproj", "{43771C79-20A8-4568-A085-376CFC43C27C}"
EndProject
Project("{9A19103F-16F7-4668-BE54-9A1E7A4F7556}") = "Sieve", "Sieve\Sieve.csproj", "{86878512-D421-475B-AD03-F153D2D46280}"
EndProject
Project("{9A19103F-16F7-4668-BE54-9A1E7A4F7556}") = "Hamming", "Hamming\Hamming.csproj", "{E5F4794B-DA91-439A-A004-8F84E462B6EC}"
EndProject
Project("{9A19103F-16F7-4668-BE54-9A1E7A4F7556}") = "Collatz Conjecture", "Collatz Conjecture\Collatz Conjecture.csproj", "{BCE98C36-9869-4C66-ACDA-12D68DDA8141}"
EndProject
Project("{9A19103F-16F7-4668-BE54-9A1E7A4F7556}") = "Nucleotide Count", "Nucleotide Count\Nucleotide Count.csproj", "{0D1ECD56-7182-4B9A-A2C0-B195B6F8F2C3}"
EndProject
Project("{9A19103F-16F7-4668-BE54-9A1E7A4F7556}") = "RNA Transcription", "RNA Transcription\RNA Transcription.csproj", "{1B6823F8-6B89-46FD-B39B-84A8528A4BDF}"
EndProject
Project("{9A19103F-16F7-4668-BE54-9A1E7A4F7556}") = "Object Relational Mapping", "Object Relational Mapping\Object Relational Mapping.csproj", "{8986A408-0B1B-4B2F-BA4A-03D6C95057A3}"
EndProject
Project("{9A19103F-16F7-4668-BE54-9A1E7A4F7556}") = "Orm In One Go", "Orm In One Go\Orm In One Go.csproj", "{CCA7772F-040C-4CCA-9981-B5E38D391A01}"
EndProject
Project("{9A19103F-16F7-4668-BE54-9A1E7A4F7556}") = "Logs, Logs, Logs", "Logs, Logs, Logs\Logs, Logs, Logs.csproj", "{79AECC45-76D6-47A0-A598-89B3EE48A75F}"
EndProject
Project("{9A19103F-16F7-4668-BE54-9A1E7A4F7556}") = "Weighing Machine", "Weighing Machine\Weighing Machine.csproj", "{AA8EFA8A-CF0F-407D-91AD-BA2C774B8B0F}"
EndProject
Project("{9A19103F-16F7-4668-BE54-9A1E7A4F7556}") = "Remote Control Competition", "Remote Control Competition\Remote Control Competition.csproj", "{E01D3A21-6F96-4472-8368-10F39F920C44}"
EndProject
Project("{9A19103F-16F7-4668-BE54-9A1E7A4F7556}") = "High Scores", "High Scores\High Scores.csproj", "{9C5B8213-8AC7-47E9-AA79-2824B8D6F63C}"
EndProject
Project("{9A19103F-16F7-4668-BE54-9A1E7A4F7556}") = "Matrix", "Matrix\Matrix.csproj", "{C531C304-C064-4EBD-BDFD-DA1C7053CB39}"
EndProject
Project("{9A19103F-16F7-4668-BE54-9A1E7A4F7556}") = "Perfect Numbers", "Perfect Numbers\Perfect Numbers.csproj", "{D9518949-18B9-4FA2-8835-8E276EC95FBC}"
EndProject
Project("{9A19103F-16F7-4668-BE54-9A1E7A4F7556}") = "Twelve Days", "Twelve Days\Twelve Days.csproj", "{03962597-7D2D-47B2-BF05-CB90317F90E9}"
EndProject
Project("{9A19103F-16F7-4668-BE54-9A1E7A4F7556}") = "Booking Up For Beauty", "Booking Up For Beauty\Booking Up For Beauty.csproj", "{ABCAE551-FFEA-4E4D-89E0-2374ED61250B}"
EndProject
Project("{9A19103F-16F7-4668-BE54-9A1E7A4F7556}") = "Beauty Salon Goes Global", "Beauty Salon Goes Global\Beauty Salon Goes Global.csproj", "{DBCCB045-390B-4BD3-883F-2384ED52FC15}"
EndProject
Project("{9A19103F-16F7-4668-BE54-9A1E7A4F7556}") = "High School Sweethearts", "High School Sweethearts\High School Sweethearts.csproj", "{593F1EAD-01D2-4A76-B8A5-FCFD3B90F99C}"
EndProject
Project("{9A19103F-16F7-4668-BE54-9A1E7A4F7556}") = "Affine Cipher", "Affine Cipher\Affine Cipher.csproj", "{3438CBDF-ED60-422A-9D23-036D2F269EF8}"
EndProject
Project("{9A19103F-16F7-4668-BE54-9A1E7A4F7556}") = "Tournament", "Tournament\Tournament.csproj", "{7F475B58-1EBC-4CA2-9FCF-0D7587454F3E}"
EndProject
Project("{9A19103F-16F7-4668-BE54-9A1E7A4F7556}") = "Series", "Series\Series.csproj", "{366FCC48-BE28-4C93-84BF-316CC7AD486D}"
EndProject
Project("{9A19103F-16F7-4668-BE54-9A1E7A4F7556}") = "Gigasecond", "Gigasecond\Gigasecond.csproj", "{371E3F58-CF84-4B20-8FC2-6CA90BDAE369}"
EndProject
Project("{9A19103F-16F7-4668-BE54-9A1E7A4F7556}") = "D&D Character", "D&D Character\D&D Character.csproj", "{E7ED5C5F-C0BB-4258-A89F-85134D2870CE}"
EndProject
Project("{9A19103F-16F7-4668-BE54-9A1E7A4F7556}") = "Allergies", "Allergies\Allergies.csproj", "{9AB8ED63-32BB-45B6-9689-FA09F7B4EEC2}"
EndProject
Project("{9A19103F-16F7-4668-BE54-9A1E7A4F7556}") = "Queen Attack", "Queen Attack\Queen Attack.csproj", "{A3ED5034-9266-4EFA-9BB7-D54B38EDD78D}"
EndProject
Project("{9A19103F-16F7-4668-BE54-9A1E7A4F7556}") = "_Helper", "_Helper\_Helper.csproj", "{20E9AE93-3C7F-4180-847A-41B76B35FD3E}"
EndProject
Project("{9A19103F-16F7-4668-BE54-9A1E7A4F7556}") = "Circular Buffer", "Circular Buffer\Circular Buffer.csproj", "{6CB638F3-4816-4C0A-BC06-274C65553F69}"
EndProject
Project("{9A19103F-16F7-4668-BE54-9A1E7A4F7556}") = "Grains", "Grains\Grains.csproj", "{F029434A-C019-48FA-8E8C-40462C1B7601}"
EndProject
Project("{9A19103F-16F7-4668-BE54-9A1E7A4F7556}") = "Hyper-optimized Telemetry", "Hyper-optimized Telemetry\Hyper-optimized Telemetry.csproj", "{477682E0-606F-4D17-9C01-1357BBFE4362}"
EndProject
Project("{9A19103F-16F7-4668-BE54-9A1E7A4F7556}") = "Face ID 2.0", "Face ID 2.0\Face ID 2.0.csproj", "{3DE90ECD-1D08-4118-98D3-6E9B32B0B89D}"
EndProject
Project("{9A19103F-16F7-4668-BE54-9A1E7A4F7556}") = "Clock", "Clock\Clock.csproj", "{C291BE1B-CF38-46E1-8683-D5955605E7D5}"
EndProject
Project("{9A19103F-16F7-4668-BE54-9A1E7A4F7556}") = "Grade School", "Grade School\Grade School.csproj", "{3684100C-00DE-4165-A8A4-7359A8AFF372}"
EndProject
Project("{9A19103F-16F7-4668-BE54-9A1E7A4F7556}") = "The Weather in Deather", "The Weather in Deather\The Weather in Deather.csproj", "{BED77B8A-EDD7-4B63-A032-B049ECDD9D09}"
EndProject
Project("{9A19103F-16F7-4668-BE54-9A1E7A4F7556}") = "Word Search", "Word Search\Word Search.csproj", "{85EE2C7B-9A22-4955-8A25-2191BBD81BC6}"
EndProject
Project("{9A19103F-16F7-4668-BE54-9A1E7A4F7556}") = "Isbn Verifier", "Isbn Verifier\Isbn Verifier.csproj", "{5642652B-7C2A-424C-8B78-DF3458A46CD3}"
EndProject
Project("{9A19103F-16F7-4668-BE54-9A1E7A4F7556}") = "Wizards and Warriors 2.0", "Wizards and Warriors 2.0\Wizards and Warriors 2.0.csproj", "{E6E18625-4C1B-46F4-8145-E8D9715A385C}"
EndProject
Project("{9A19103F-16F7-4668-BE54-9A1E7A4F7556}") = "Hyperia Forex", "Hyperia Forex\Hyperia Forex.csproj", "{B691B830-AFD6-498A-BA84-62CBA1A8FEDB}"
EndProject
Project("{9A19103F-16F7-4668-BE54-9A1E7A4F7556}") = "Land Grab in Space", "Land Grab in Space\Land Grab in Space.csproj", "{7000B8A7-099D-4C82-9EB1-D222583608C8}"
EndProject
Project("{9A19103F-16F7-4668-BE54-9A1E7A4F7556}") = "Rational Numbers", "Rational Numbers\Rational Numbers.csproj", "{46CF3AEA-5859-4BC9-947C-536479A8C72A}"
EndProject
Project("{9A19103F-16F7-4668-BE54-9A1E7A4F7556}") = "Two Fer", "Two Fer\Two Fer.csproj", "{D0D6945A-5419-4B93-9B02-31AD86C58C15}"
EndProject
Project("{9A19103F-16F7-4668-BE54-9A1E7A4F7556}") = "Eliuds Eggs", "Eliuds Eggs\Eliuds Eggs.csproj", "{F1363E17-B72E-4757-B493-C8557F3DFA9C}"
EndProject
Project("{9A19103F-16F7-4668-BE54-9A1E7A4F7556}") = "Secret Handshake", "Secret Handshake\Secret Handshake.csproj", "{00C01190-5EFF-4D35-BC2E-5B70B2096DD4}"
EndProject
Project("{9A19103F-16F7-4668-BE54-9A1E7A4F7556}") = "Word Count", "Word Count\Word Count.csproj", "{A4455D4A-0188-4600-B9D3-344E37920BB7}"
EndProject
Project("{9A19103F-16F7-4668-BE54-9A1E7A4F7556}") = "Resistor Color Trio", "Resistor Color Trio\Resistor Color Trio.csproj", "{525EDD28-9C47-4B3A-9E96-9DEF6AAE112B}"
EndProject
Project("{9A19103F-16F7-4668-BE54-9A1E7A4F7556}") = "Bank Account", "Bank Account\Bank Account.csproj", "{67FF2413-04F4-435B-9592-FABB5E44E13A}"
EndProject
Project("{9A19103F-16F7-4668-BE54-9A1E7A4F7556}") = "Simple Cipher", "Simple Cipher\Simple Cipher.csproj", "{9DCDF3EC-DFBF-4641-B8C5-3934A44EF52E}"
	ProjectSection(ProjectDependencies) = postProject
		{20E9AE93-3C7F-4180-847A-41B76B35FD3E} = {20E9AE93-3C7F-4180-847A-41B76B35FD3E}
	EndProjectSection
EndProject
Project("{9A19103F-16F7-4668-BE54-9A1E7A4F7556}") = "Beer Song", "Beer Song\Beer Song.csproj", "{09815811-8E38-4F67-80DA-1B5339FBD44E}"
EndProject
Project("{9A19103F-16F7-4668-BE54-9A1E7A4F7556}") = "Phone Number", "Phone Number\Phone Number.csproj", "{298B99D0-32B4-4627-AC98-3E899C75A012}"
EndProject
Project("{9A19103F-16F7-4668-BE54-9A1E7A4F7556}") = "Minesweeper", "Minesweeper\Minesweeper.csproj", "{625E1360-FB49-427B-87D1-D8190C52CECD}"
EndProject
Project("{9A19103F-16F7-4668-BE54-9A1E7A4F7556}") = "Kindergarten Garden", "Kindergarten Garden\Kindergarten Garden.csproj", "{35FFB4C6-28B3-4978-8274-E5322B5A3EF5}"
EndProject
Project("{9A19103F-16F7-4668-BE54-9A1E7A4F7556}") = "Proverb", "Proverb\Proverb.csproj", "{B24C7950-4E34-48BD-8020-3C96638F7A78}"
EndProject
Project("{9A19103F-16F7-4668-BE54-9A1E7A4F7556}") = "Simple Linked List", "Simple Linked List\Simple Linked List.csproj", "{5FF247C1-8411-4FFC-B707-7F55D124650F}"
EndProject
Project("{9A19103F-16F7-4668-BE54-9A1E7A4F7556}") = "Wordy", "Wordy\Wordy.csproj", "{BE0FC2DC-CDE6-4FA0-AF62-76A3988417FC}"
EndProject
Project("{9A19103F-16F7-4668-BE54-9A1E7A4F7556}") = "Pascal's Triangle", "Pascal's Triangle\Pascal's Triangle.csproj", "{F0B7659F-5278-45E9-A10E-6ECD652F6359}"
EndProject
Project("{9A19103F-16F7-4668-BE54-9A1E7A4F7556}") = "House", "House\House.csproj", "{AC818532-FAE2-47B3-A8EB-9242E0C64B87}"
EndProject
Project("{9A19103F-16F7-4668-BE54-9A1E7A4F7556}") = "Custom Set", "Custom Set\Custom Set.csproj", "{1506859F-6EC5-409F-A9F7-3D5A31FA9675}"
EndProject
Project("{9A19103F-16F7-4668-BE54-9A1E7A4F7556}") = "Strain", "Strain\Strain.csproj", "{335F1CA4-F1DD-4607-9EA3-BA3755DD4884}"
EndProject
Project("{9A19103F-16F7-4668-BE54-9A1E7A4F7556}") = "All Your Base", "All Your Base\All Your Base.csproj", "{A9336B8B-5CAD-4EED-8106-9F65E83046EE}"
EndProject
Project("{9A19103F-16F7-4668-BE54-9A1E7A4F7556}") = "Largest Series Product", "Largest Series Product\Largest Series Product.csproj", "{8249205A-AC2B-4B38-AF04-D632AB3A3C93}"
EndProject
Project("{9A19103F-16F7-4668-BE54-9A1E7A4F7556}") = "Prime Factors", "Prime Factors\Prime Factors.csproj", "{995EEE18-B0C3-437E-A463-1D347C2719FB}"
EndProject
Project("{9A19103F-16F7-4668-BE54-9A1E7A4F7556}") = "Roman Numerals", "Roman Numerals\Roman Numerals.csproj", "{BADA11C4-6502-47EC-9802-E43D6483CB92}"
EndProject
Project("{9A19103F-16F7-4668-BE54-9A1E7A4F7556}") = "Flatten Array", "Flatten Array\Flatten Array.csproj", "{2FF3BFBE-0A46-432C-A1FE-CF0A54A2728D}"
EndProject
Project("{9A19103F-16F7-4668-BE54-9A1E7A4F7556}") = "Linked List", "Linked List\Linked List.csproj", "{679F3299-5768-4572-8014-A7DCEE22D79E}"
EndProject
Project("{9A19103F-16F7-4668-BE54-9A1E7A4F7556}") = "RemoteControlCleanup", "RemoteControlCleanup\RemoteControlCleanup.csproj", "{39026D6D-1E63-4ECC-9449-1A32CCFFA958}"
EndProject
Project("{9A19103F-16F7-4668-BE54-9A1E7A4F7556}") = "Red vs Blue - Darwin Style", "Red vs Blue - Darwin Style\Red vs Blue - Darwin Style.csproj", "{50B2E557-B047-4707-BDB7-234222BC4FCB}"
EndProject
Project("{9A19103F-16F7-4668-BE54-9A1E7A4F7556}") = "Developer Privileges", "Developer Privileges\Developer Privileges.csproj", "{70A19975-5A0D-4ECF-A2D7-A1714710FFA9}"
EndProject
Project("{9A19103F-16F7-4668-BE54-9A1E7A4F7556}") = "Robot Simulator", "Robot Simulator\Robot Simulator.csproj", "{69FAB448-DD22-4A1A-BA26-4BBDB0BB9DB5}"
EndProject
Project("{9A19103F-16F7-4668-BE54-9A1E7A4F7556}") = "Complex Numbers", "Complex Numbers\Complex Numbers.csproj", "{8F2C7EC8-D45A-432F-94C6-00F98C7A8B74}"
EndProject
Project("{FAE04EC0-301F-11D3-BF4B-00C04F79EFBC}") = "Diamond", "Diamond\Diamond.csproj", "{40793150-4D67-4615-BAAC-8F7618709148}"
EndProject
Global
	GlobalSection(SolutionConfigurationPlatforms) = preSolution
		Debug|Any CPU = Debug|Any CPU
		Release|Any CPU = Release|Any CPU
	EndGlobalSection
	GlobalSection(ProjectConfigurationPlatforms) = postSolution
		{0F9CC8A7-2666-4AE5-9E20-33B890033C69}.Debug|Any CPU.ActiveCfg = Debug|Any CPU
		{0F9CC8A7-2666-4AE5-9E20-33B890033C69}.Debug|Any CPU.Build.0 = Debug|Any CPU
		{0F9CC8A7-2666-4AE5-9E20-33B890033C69}.Release|Any CPU.ActiveCfg = Release|Any CPU
		{0F9CC8A7-2666-4AE5-9E20-33B890033C69}.Release|Any CPU.Build.0 = Release|Any CPU
		{8F52CFED-76A7-4BF2-B4B9-E482F5EF036E}.Debug|Any CPU.ActiveCfg = Debug|Any CPU
		{8F52CFED-76A7-4BF2-B4B9-E482F5EF036E}.Debug|Any CPU.Build.0 = Debug|Any CPU
		{8F52CFED-76A7-4BF2-B4B9-E482F5EF036E}.Release|Any CPU.ActiveCfg = Release|Any CPU
		{8F52CFED-76A7-4BF2-B4B9-E482F5EF036E}.Release|Any CPU.Build.0 = Release|Any CPU
		{4493E409-A933-4C70-AF19-5B620F98EF09}.Debug|Any CPU.ActiveCfg = Debug|Any CPU
		{4493E409-A933-4C70-AF19-5B620F98EF09}.Debug|Any CPU.Build.0 = Debug|Any CPU
		{4493E409-A933-4C70-AF19-5B620F98EF09}.Release|Any CPU.ActiveCfg = Release|Any CPU
		{4493E409-A933-4C70-AF19-5B620F98EF09}.Release|Any CPU.Build.0 = Release|Any CPU
		{2906AA1F-32C6-4934-959A-388ED460FAE5}.Debug|Any CPU.ActiveCfg = Debug|Any CPU
		{2906AA1F-32C6-4934-959A-388ED460FAE5}.Debug|Any CPU.Build.0 = Debug|Any CPU
		{2906AA1F-32C6-4934-959A-388ED460FAE5}.Release|Any CPU.ActiveCfg = Release|Any CPU
		{2906AA1F-32C6-4934-959A-388ED460FAE5}.Release|Any CPU.Build.0 = Release|Any CPU
		{F9292612-04D3-4670-A07C-E4E63DAC1124}.Debug|Any CPU.ActiveCfg = Debug|Any CPU
		{F9292612-04D3-4670-A07C-E4E63DAC1124}.Debug|Any CPU.Build.0 = Debug|Any CPU
		{F9292612-04D3-4670-A07C-E4E63DAC1124}.Release|Any CPU.ActiveCfg = Release|Any CPU
		{F9292612-04D3-4670-A07C-E4E63DAC1124}.Release|Any CPU.Build.0 = Release|Any CPU
		{F1AA346B-23FC-4363-A150-4270C3FBD70C}.Debug|Any CPU.ActiveCfg = Debug|Any CPU
		{F1AA346B-23FC-4363-A150-4270C3FBD70C}.Debug|Any CPU.Build.0 = Debug|Any CPU
		{F1AA346B-23FC-4363-A150-4270C3FBD70C}.Release|Any CPU.ActiveCfg = Release|Any CPU
		{F1AA346B-23FC-4363-A150-4270C3FBD70C}.Release|Any CPU.Build.0 = Release|Any CPU
		{FB862193-AD49-41B9-9DD6-0E69491AFC25}.Debug|Any CPU.ActiveCfg = Debug|Any CPU
		{FB862193-AD49-41B9-9DD6-0E69491AFC25}.Debug|Any CPU.Build.0 = Debug|Any CPU
		{FB862193-AD49-41B9-9DD6-0E69491AFC25}.Release|Any CPU.ActiveCfg = Release|Any CPU
		{FB862193-AD49-41B9-9DD6-0E69491AFC25}.Release|Any CPU.Build.0 = Release|Any CPU
		{14F5CD21-5250-414E-A12A-4F11EE53FFD7}.Debug|Any CPU.ActiveCfg = Debug|Any CPU
		{14F5CD21-5250-414E-A12A-4F11EE53FFD7}.Debug|Any CPU.Build.0 = Debug|Any CPU
		{14F5CD21-5250-414E-A12A-4F11EE53FFD7}.Release|Any CPU.ActiveCfg = Release|Any CPU
		{14F5CD21-5250-414E-A12A-4F11EE53FFD7}.Release|Any CPU.Build.0 = Release|Any CPU
		{C82EADBA-6229-4EC6-A62E-FBBBE2F6D732}.Debug|Any CPU.ActiveCfg = Debug|Any CPU
		{C82EADBA-6229-4EC6-A62E-FBBBE2F6D732}.Debug|Any CPU.Build.0 = Debug|Any CPU
		{C82EADBA-6229-4EC6-A62E-FBBBE2F6D732}.Release|Any CPU.ActiveCfg = Release|Any CPU
		{C82EADBA-6229-4EC6-A62E-FBBBE2F6D732}.Release|Any CPU.Build.0 = Release|Any CPU
		{DC18CF51-C950-4E3F-871C-9447443816A6}.Debug|Any CPU.ActiveCfg = Debug|Any CPU
		{DC18CF51-C950-4E3F-871C-9447443816A6}.Debug|Any CPU.Build.0 = Debug|Any CPU
		{DC18CF51-C950-4E3F-871C-9447443816A6}.Release|Any CPU.ActiveCfg = Release|Any CPU
		{DC18CF51-C950-4E3F-871C-9447443816A6}.Release|Any CPU.Build.0 = Release|Any CPU
		{6762A57D-783B-4315-90E6-523AA046087B}.Debug|Any CPU.ActiveCfg = Debug|Any CPU
		{6762A57D-783B-4315-90E6-523AA046087B}.Debug|Any CPU.Build.0 = Debug|Any CPU
		{6762A57D-783B-4315-90E6-523AA046087B}.Release|Any CPU.ActiveCfg = Release|Any CPU
		{6762A57D-783B-4315-90E6-523AA046087B}.Release|Any CPU.Build.0 = Release|Any CPU
		{E2B12CF5-31C2-4323-847A-C898BCECED38}.Debug|Any CPU.ActiveCfg = Debug|Any CPU
		{E2B12CF5-31C2-4323-847A-C898BCECED38}.Debug|Any CPU.Build.0 = Debug|Any CPU
		{E2B12CF5-31C2-4323-847A-C898BCECED38}.Release|Any CPU.ActiveCfg = Release|Any CPU
		{E2B12CF5-31C2-4323-847A-C898BCECED38}.Release|Any CPU.Build.0 = Release|Any CPU
		{691BB129-1A1C-4942-80F8-5DD19663DA52}.Debug|Any CPU.ActiveCfg = Debug|Any CPU
		{691BB129-1A1C-4942-80F8-5DD19663DA52}.Debug|Any CPU.Build.0 = Debug|Any CPU
		{691BB129-1A1C-4942-80F8-5DD19663DA52}.Release|Any CPU.ActiveCfg = Release|Any CPU
		{691BB129-1A1C-4942-80F8-5DD19663DA52}.Release|Any CPU.Build.0 = Release|Any CPU
		{395939B8-CAE7-42EE-A470-30DDA477AAD4}.Debug|Any CPU.ActiveCfg = Debug|Any CPU
		{395939B8-CAE7-42EE-A470-30DDA477AAD4}.Debug|Any CPU.Build.0 = Debug|Any CPU
		{395939B8-CAE7-42EE-A470-30DDA477AAD4}.Release|Any CPU.ActiveCfg = Release|Any CPU
		{395939B8-CAE7-42EE-A470-30DDA477AAD4}.Release|Any CPU.Build.0 = Release|Any CPU
		{84941ADA-9608-444A-AF53-29F2C1F3519C}.Debug|Any CPU.ActiveCfg = Debug|Any CPU
		{84941ADA-9608-444A-AF53-29F2C1F3519C}.Debug|Any CPU.Build.0 = Debug|Any CPU
		{84941ADA-9608-444A-AF53-29F2C1F3519C}.Release|Any CPU.ActiveCfg = Release|Any CPU
		{84941ADA-9608-444A-AF53-29F2C1F3519C}.Release|Any CPU.Build.0 = Release|Any CPU
		{6F2F954B-7493-4538-8A41-8D66F16ECA46}.Debug|Any CPU.ActiveCfg = Debug|Any CPU
		{6F2F954B-7493-4538-8A41-8D66F16ECA46}.Debug|Any CPU.Build.0 = Debug|Any CPU
		{6F2F954B-7493-4538-8A41-8D66F16ECA46}.Release|Any CPU.ActiveCfg = Release|Any CPU
		{6F2F954B-7493-4538-8A41-8D66F16ECA46}.Release|Any CPU.Build.0 = Release|Any CPU
		{8DB5C695-03AB-47D5-9844-3E0D98606069}.Debug|Any CPU.ActiveCfg = Debug|Any CPU
		{8DB5C695-03AB-47D5-9844-3E0D98606069}.Debug|Any CPU.Build.0 = Debug|Any CPU
		{8DB5C695-03AB-47D5-9844-3E0D98606069}.Release|Any CPU.ActiveCfg = Release|Any CPU
		{8DB5C695-03AB-47D5-9844-3E0D98606069}.Release|Any CPU.Build.0 = Release|Any CPU
		{88F2275F-E9DA-40C9-8F7B-A88F8899CA6C}.Debug|Any CPU.ActiveCfg = Debug|Any CPU
		{88F2275F-E9DA-40C9-8F7B-A88F8899CA6C}.Debug|Any CPU.Build.0 = Debug|Any CPU
		{88F2275F-E9DA-40C9-8F7B-A88F8899CA6C}.Release|Any CPU.ActiveCfg = Release|Any CPU
		{88F2275F-E9DA-40C9-8F7B-A88F8899CA6C}.Release|Any CPU.Build.0 = Release|Any CPU
		{F328B75A-7B9F-4F6B-85D6-A4CC731BCE79}.Debug|Any CPU.ActiveCfg = Debug|Any CPU
		{F328B75A-7B9F-4F6B-85D6-A4CC731BCE79}.Debug|Any CPU.Build.0 = Debug|Any CPU
		{F328B75A-7B9F-4F6B-85D6-A4CC731BCE79}.Release|Any CPU.ActiveCfg = Release|Any CPU
		{F328B75A-7B9F-4F6B-85D6-A4CC731BCE79}.Release|Any CPU.Build.0 = Release|Any CPU
		{B3899A27-EC4A-4253-B7F1-4B4021AAB5FB}.Debug|Any CPU.ActiveCfg = Debug|Any CPU
		{B3899A27-EC4A-4253-B7F1-4B4021AAB5FB}.Debug|Any CPU.Build.0 = Debug|Any CPU
		{B3899A27-EC4A-4253-B7F1-4B4021AAB5FB}.Release|Any CPU.ActiveCfg = Release|Any CPU
		{B3899A27-EC4A-4253-B7F1-4B4021AAB5FB}.Release|Any CPU.Build.0 = Release|Any CPU
		{46E77906-25A7-4196-A61F-546B269970B8}.Debug|Any CPU.ActiveCfg = Debug|Any CPU
		{46E77906-25A7-4196-A61F-546B269970B8}.Debug|Any CPU.Build.0 = Debug|Any CPU
		{46E77906-25A7-4196-A61F-546B269970B8}.Release|Any CPU.ActiveCfg = Release|Any CPU
		{46E77906-25A7-4196-A61F-546B269970B8}.Release|Any CPU.Build.0 = Release|Any CPU
		{273D7EED-2AF8-4697-96CA-D5ED4660603C}.Debug|Any CPU.ActiveCfg = Debug|Any CPU
		{273D7EED-2AF8-4697-96CA-D5ED4660603C}.Debug|Any CPU.Build.0 = Debug|Any CPU
		{273D7EED-2AF8-4697-96CA-D5ED4660603C}.Release|Any CPU.ActiveCfg = Release|Any CPU
		{273D7EED-2AF8-4697-96CA-D5ED4660603C}.Release|Any CPU.Build.0 = Release|Any CPU
		{8457889C-0F0B-4FE0-99F5-0CADF81B3064}.Debug|Any CPU.ActiveCfg = Debug|Any CPU
		{8457889C-0F0B-4FE0-99F5-0CADF81B3064}.Debug|Any CPU.Build.0 = Debug|Any CPU
		{8457889C-0F0B-4FE0-99F5-0CADF81B3064}.Release|Any CPU.ActiveCfg = Release|Any CPU
		{8457889C-0F0B-4FE0-99F5-0CADF81B3064}.Release|Any CPU.Build.0 = Release|Any CPU
		{5ACD2831-4B23-4433-8928-CE803933FF0A}.Debug|Any CPU.ActiveCfg = Debug|Any CPU
		{5ACD2831-4B23-4433-8928-CE803933FF0A}.Debug|Any CPU.Build.0 = Debug|Any CPU
		{5ACD2831-4B23-4433-8928-CE803933FF0A}.Release|Any CPU.ActiveCfg = Release|Any CPU
		{5ACD2831-4B23-4433-8928-CE803933FF0A}.Release|Any CPU.Build.0 = Release|Any CPU
		{810C9F74-9C8B-44AB-A713-0E4F3AEC92E8}.Debug|Any CPU.ActiveCfg = Debug|Any CPU
		{810C9F74-9C8B-44AB-A713-0E4F3AEC92E8}.Debug|Any CPU.Build.0 = Debug|Any CPU
		{810C9F74-9C8B-44AB-A713-0E4F3AEC92E8}.Release|Any CPU.ActiveCfg = Release|Any CPU
		{810C9F74-9C8B-44AB-A713-0E4F3AEC92E8}.Release|Any CPU.Build.0 = Release|Any CPU
		{5892B088-D68C-4D34-B20C-100EBD0C67BC}.Debug|Any CPU.ActiveCfg = Debug|Any CPU
		{5892B088-D68C-4D34-B20C-100EBD0C67BC}.Debug|Any CPU.Build.0 = Debug|Any CPU
		{5892B088-D68C-4D34-B20C-100EBD0C67BC}.Release|Any CPU.ActiveCfg = Release|Any CPU
		{5892B088-D68C-4D34-B20C-100EBD0C67BC}.Release|Any CPU.Build.0 = Release|Any CPU
		{25100AB7-5720-449B-B052-106FADBF7DAC}.Debug|Any CPU.ActiveCfg = Debug|Any CPU
		{25100AB7-5720-449B-B052-106FADBF7DAC}.Debug|Any CPU.Build.0 = Debug|Any CPU
		{25100AB7-5720-449B-B052-106FADBF7DAC}.Release|Any CPU.ActiveCfg = Release|Any CPU
		{25100AB7-5720-449B-B052-106FADBF7DAC}.Release|Any CPU.Build.0 = Release|Any CPU
		{410B726D-008E-47DD-9D6B-D2969A5C6D45}.Debug|Any CPU.ActiveCfg = Debug|Any CPU
		{410B726D-008E-47DD-9D6B-D2969A5C6D45}.Debug|Any CPU.Build.0 = Debug|Any CPU
		{410B726D-008E-47DD-9D6B-D2969A5C6D45}.Release|Any CPU.ActiveCfg = Release|Any CPU
		{410B726D-008E-47DD-9D6B-D2969A5C6D45}.Release|Any CPU.Build.0 = Release|Any CPU
		{330FEFE0-A91D-45A5-B00B-E8C9707A5114}.Debug|Any CPU.ActiveCfg = Debug|Any CPU
		{330FEFE0-A91D-45A5-B00B-E8C9707A5114}.Debug|Any CPU.Build.0 = Debug|Any CPU
		{330FEFE0-A91D-45A5-B00B-E8C9707A5114}.Release|Any CPU.ActiveCfg = Release|Any CPU
		{330FEFE0-A91D-45A5-B00B-E8C9707A5114}.Release|Any CPU.Build.0 = Release|Any CPU
		{0BF6EB11-AFF3-4B82-B46B-23B4444F6379}.Debug|Any CPU.ActiveCfg = Debug|Any CPU
		{0BF6EB11-AFF3-4B82-B46B-23B4444F6379}.Debug|Any CPU.Build.0 = Debug|Any CPU
		{0BF6EB11-AFF3-4B82-B46B-23B4444F6379}.Release|Any CPU.ActiveCfg = Release|Any CPU
		{0BF6EB11-AFF3-4B82-B46B-23B4444F6379}.Release|Any CPU.Build.0 = Release|Any CPU
		{DD13F459-3077-45D2-BA94-5397FF9115D6}.Debug|Any CPU.ActiveCfg = Debug|Any CPU
		{DD13F459-3077-45D2-BA94-5397FF9115D6}.Debug|Any CPU.Build.0 = Debug|Any CPU
		{DD13F459-3077-45D2-BA94-5397FF9115D6}.Release|Any CPU.ActiveCfg = Release|Any CPU
		{DD13F459-3077-45D2-BA94-5397FF9115D6}.Release|Any CPU.Build.0 = Release|Any CPU
		{17A2BB5B-5EC1-4A7A-8AE1-3C70CC3CA9DF}.Debug|Any CPU.ActiveCfg = Debug|Any CPU
		{17A2BB5B-5EC1-4A7A-8AE1-3C70CC3CA9DF}.Debug|Any CPU.Build.0 = Debug|Any CPU
		{17A2BB5B-5EC1-4A7A-8AE1-3C70CC3CA9DF}.Release|Any CPU.ActiveCfg = Release|Any CPU
		{17A2BB5B-5EC1-4A7A-8AE1-3C70CC3CA9DF}.Release|Any CPU.Build.0 = Release|Any CPU
		{26D66E61-6956-4CFB-9A03-45BD1435CB01}.Debug|Any CPU.ActiveCfg = Debug|Any CPU
		{26D66E61-6956-4CFB-9A03-45BD1435CB01}.Debug|Any CPU.Build.0 = Debug|Any CPU
		{26D66E61-6956-4CFB-9A03-45BD1435CB01}.Release|Any CPU.ActiveCfg = Release|Any CPU
		{26D66E61-6956-4CFB-9A03-45BD1435CB01}.Release|Any CPU.Build.0 = Release|Any CPU
		{DD114256-4291-45CE-9BC7-0C86449E75A6}.Debug|Any CPU.ActiveCfg = Debug|Any CPU
		{DD114256-4291-45CE-9BC7-0C86449E75A6}.Debug|Any CPU.Build.0 = Debug|Any CPU
		{DD114256-4291-45CE-9BC7-0C86449E75A6}.Release|Any CPU.ActiveCfg = Release|Any CPU
		{DD114256-4291-45CE-9BC7-0C86449E75A6}.Release|Any CPU.Build.0 = Release|Any CPU
		{FD9A2AAC-1423-437A-A72E-B15273F4A572}.Debug|Any CPU.ActiveCfg = Debug|Any CPU
		{FD9A2AAC-1423-437A-A72E-B15273F4A572}.Debug|Any CPU.Build.0 = Debug|Any CPU
		{FD9A2AAC-1423-437A-A72E-B15273F4A572}.Release|Any CPU.ActiveCfg = Release|Any CPU
		{FD9A2AAC-1423-437A-A72E-B15273F4A572}.Release|Any CPU.Build.0 = Release|Any CPU
		{EAE71E44-C96F-409A-B6D7-AA46A658D483}.Debug|Any CPU.ActiveCfg = Debug|Any CPU
		{EAE71E44-C96F-409A-B6D7-AA46A658D483}.Debug|Any CPU.Build.0 = Debug|Any CPU
		{EAE71E44-C96F-409A-B6D7-AA46A658D483}.Release|Any CPU.ActiveCfg = Release|Any CPU
		{EAE71E44-C96F-409A-B6D7-AA46A658D483}.Release|Any CPU.Build.0 = Release|Any CPU
		{5D0CE308-B33C-4AA4-8A6D-A5C4F22BC2BA}.Debug|Any CPU.ActiveCfg = Debug|Any CPU
		{5D0CE308-B33C-4AA4-8A6D-A5C4F22BC2BA}.Debug|Any CPU.Build.0 = Debug|Any CPU
		{5D0CE308-B33C-4AA4-8A6D-A5C4F22BC2BA}.Release|Any CPU.ActiveCfg = Release|Any CPU
		{5D0CE308-B33C-4AA4-8A6D-A5C4F22BC2BA}.Release|Any CPU.Build.0 = Release|Any CPU
		{EC1BCE32-979C-4AF3-BA88-9AC98BAAFC9D}.Debug|Any CPU.ActiveCfg = Debug|Any CPU
		{EC1BCE32-979C-4AF3-BA88-9AC98BAAFC9D}.Debug|Any CPU.Build.0 = Debug|Any CPU
		{EC1BCE32-979C-4AF3-BA88-9AC98BAAFC9D}.Release|Any CPU.ActiveCfg = Release|Any CPU
		{EC1BCE32-979C-4AF3-BA88-9AC98BAAFC9D}.Release|Any CPU.Build.0 = Release|Any CPU
		{5BB666A1-504D-475F-B182-46F1C3298359}.Debug|Any CPU.ActiveCfg = Debug|Any CPU
		{5BB666A1-504D-475F-B182-46F1C3298359}.Debug|Any CPU.Build.0 = Debug|Any CPU
		{5BB666A1-504D-475F-B182-46F1C3298359}.Release|Any CPU.ActiveCfg = Release|Any CPU
		{5BB666A1-504D-475F-B182-46F1C3298359}.Release|Any CPU.Build.0 = Release|Any CPU
		{9951F47D-DFFD-4E26-A10A-DFB58D4354A7}.Debug|Any CPU.ActiveCfg = Debug|Any CPU
		{9951F47D-DFFD-4E26-A10A-DFB58D4354A7}.Debug|Any CPU.Build.0 = Debug|Any CPU
		{9951F47D-DFFD-4E26-A10A-DFB58D4354A7}.Release|Any CPU.ActiveCfg = Release|Any CPU
		{9951F47D-DFFD-4E26-A10A-DFB58D4354A7}.Release|Any CPU.Build.0 = Release|Any CPU
		{40E90E66-3428-4578-935E-7F247DB5D405}.Debug|Any CPU.ActiveCfg = Debug|Any CPU
		{40E90E66-3428-4578-935E-7F247DB5D405}.Debug|Any CPU.Build.0 = Debug|Any CPU
		{40E90E66-3428-4578-935E-7F247DB5D405}.Release|Any CPU.ActiveCfg = Release|Any CPU
		{40E90E66-3428-4578-935E-7F247DB5D405}.Release|Any CPU.Build.0 = Release|Any CPU
		{C75D0BF5-F0CD-4E18-B8E7-2851379EB68C}.Debug|Any CPU.ActiveCfg = Debug|Any CPU
		{C75D0BF5-F0CD-4E18-B8E7-2851379EB68C}.Debug|Any CPU.Build.0 = Debug|Any CPU
		{C75D0BF5-F0CD-4E18-B8E7-2851379EB68C}.Release|Any CPU.ActiveCfg = Release|Any CPU
		{C75D0BF5-F0CD-4E18-B8E7-2851379EB68C}.Release|Any CPU.Build.0 = Release|Any CPU
		{DA0B7608-D9A2-46CD-BF74-A8592F1DB62E}.Debug|Any CPU.ActiveCfg = Debug|Any CPU
		{DA0B7608-D9A2-46CD-BF74-A8592F1DB62E}.Debug|Any CPU.Build.0 = Debug|Any CPU
		{DA0B7608-D9A2-46CD-BF74-A8592F1DB62E}.Release|Any CPU.ActiveCfg = Release|Any CPU
		{DA0B7608-D9A2-46CD-BF74-A8592F1DB62E}.Release|Any CPU.Build.0 = Release|Any CPU
		{FF44AEBA-ED3E-4C34-A473-0E7200E9BD4C}.Debug|Any CPU.ActiveCfg = Debug|Any CPU
		{FF44AEBA-ED3E-4C34-A473-0E7200E9BD4C}.Debug|Any CPU.Build.0 = Debug|Any CPU
		{FF44AEBA-ED3E-4C34-A473-0E7200E9BD4C}.Release|Any CPU.ActiveCfg = Release|Any CPU
		{FF44AEBA-ED3E-4C34-A473-0E7200E9BD4C}.Release|Any CPU.Build.0 = Release|Any CPU
		{90DBC058-9E87-40AE-8326-D05B8A62619D}.Debug|Any CPU.ActiveCfg = Debug|Any CPU
		{90DBC058-9E87-40AE-8326-D05B8A62619D}.Debug|Any CPU.Build.0 = Debug|Any CPU
		{90DBC058-9E87-40AE-8326-D05B8A62619D}.Release|Any CPU.ActiveCfg = Release|Any CPU
		{90DBC058-9E87-40AE-8326-D05B8A62619D}.Release|Any CPU.Build.0 = Release|Any CPU
		{787738FD-7A6C-4DED-8293-9A680202166C}.Debug|Any CPU.ActiveCfg = Debug|Any CPU
		{787738FD-7A6C-4DED-8293-9A680202166C}.Debug|Any CPU.Build.0 = Debug|Any CPU
		{787738FD-7A6C-4DED-8293-9A680202166C}.Release|Any CPU.ActiveCfg = Release|Any CPU
		{787738FD-7A6C-4DED-8293-9A680202166C}.Release|Any CPU.Build.0 = Release|Any CPU
		{A954BC9B-0169-4FE0-BE7A-39D9E6088113}.Debug|Any CPU.ActiveCfg = Debug|Any CPU
		{A954BC9B-0169-4FE0-BE7A-39D9E6088113}.Debug|Any CPU.Build.0 = Debug|Any CPU
		{A954BC9B-0169-4FE0-BE7A-39D9E6088113}.Release|Any CPU.ActiveCfg = Release|Any CPU
		{A954BC9B-0169-4FE0-BE7A-39D9E6088113}.Release|Any CPU.Build.0 = Release|Any CPU
		{43771C79-20A8-4568-A085-376CFC43C27C}.Debug|Any CPU.ActiveCfg = Debug|Any CPU
		{43771C79-20A8-4568-A085-376CFC43C27C}.Debug|Any CPU.Build.0 = Debug|Any CPU
		{43771C79-20A8-4568-A085-376CFC43C27C}.Release|Any CPU.ActiveCfg = Release|Any CPU
		{43771C79-20A8-4568-A085-376CFC43C27C}.Release|Any CPU.Build.0 = Release|Any CPU
		{86878512-D421-475B-AD03-F153D2D46280}.Debug|Any CPU.ActiveCfg = Debug|Any CPU
		{86878512-D421-475B-AD03-F153D2D46280}.Debug|Any CPU.Build.0 = Debug|Any CPU
		{86878512-D421-475B-AD03-F153D2D46280}.Release|Any CPU.ActiveCfg = Release|Any CPU
		{86878512-D421-475B-AD03-F153D2D46280}.Release|Any CPU.Build.0 = Release|Any CPU
		{E5F4794B-DA91-439A-A004-8F84E462B6EC}.Debug|Any CPU.ActiveCfg = Debug|Any CPU
		{E5F4794B-DA91-439A-A004-8F84E462B6EC}.Debug|Any CPU.Build.0 = Debug|Any CPU
		{E5F4794B-DA91-439A-A004-8F84E462B6EC}.Release|Any CPU.ActiveCfg = Release|Any CPU
		{E5F4794B-DA91-439A-A004-8F84E462B6EC}.Release|Any CPU.Build.0 = Release|Any CPU
		{BCE98C36-9869-4C66-ACDA-12D68DDA8141}.Debug|Any CPU.ActiveCfg = Debug|Any CPU
		{BCE98C36-9869-4C66-ACDA-12D68DDA8141}.Debug|Any CPU.Build.0 = Debug|Any CPU
		{BCE98C36-9869-4C66-ACDA-12D68DDA8141}.Release|Any CPU.ActiveCfg = Release|Any CPU
		{BCE98C36-9869-4C66-ACDA-12D68DDA8141}.Release|Any CPU.Build.0 = Release|Any CPU
		{0D1ECD56-7182-4B9A-A2C0-B195B6F8F2C3}.Debug|Any CPU.ActiveCfg = Debug|Any CPU
		{0D1ECD56-7182-4B9A-A2C0-B195B6F8F2C3}.Debug|Any CPU.Build.0 = Debug|Any CPU
		{0D1ECD56-7182-4B9A-A2C0-B195B6F8F2C3}.Release|Any CPU.ActiveCfg = Release|Any CPU
		{0D1ECD56-7182-4B9A-A2C0-B195B6F8F2C3}.Release|Any CPU.Build.0 = Release|Any CPU
		{1B6823F8-6B89-46FD-B39B-84A8528A4BDF}.Debug|Any CPU.ActiveCfg = Debug|Any CPU
		{1B6823F8-6B89-46FD-B39B-84A8528A4BDF}.Debug|Any CPU.Build.0 = Debug|Any CPU
		{1B6823F8-6B89-46FD-B39B-84A8528A4BDF}.Release|Any CPU.ActiveCfg = Release|Any CPU
		{1B6823F8-6B89-46FD-B39B-84A8528A4BDF}.Release|Any CPU.Build.0 = Release|Any CPU
		{8986A408-0B1B-4B2F-BA4A-03D6C95057A3}.Debug|Any CPU.ActiveCfg = Debug|Any CPU
		{8986A408-0B1B-4B2F-BA4A-03D6C95057A3}.Debug|Any CPU.Build.0 = Debug|Any CPU
		{8986A408-0B1B-4B2F-BA4A-03D6C95057A3}.Release|Any CPU.ActiveCfg = Release|Any CPU
		{8986A408-0B1B-4B2F-BA4A-03D6C95057A3}.Release|Any CPU.Build.0 = Release|Any CPU
		{CCA7772F-040C-4CCA-9981-B5E38D391A01}.Debug|Any CPU.ActiveCfg = Debug|Any CPU
		{CCA7772F-040C-4CCA-9981-B5E38D391A01}.Debug|Any CPU.Build.0 = Debug|Any CPU
		{CCA7772F-040C-4CCA-9981-B5E38D391A01}.Release|Any CPU.ActiveCfg = Release|Any CPU
		{CCA7772F-040C-4CCA-9981-B5E38D391A01}.Release|Any CPU.Build.0 = Release|Any CPU
		{79AECC45-76D6-47A0-A598-89B3EE48A75F}.Debug|Any CPU.ActiveCfg = Debug|Any CPU
		{79AECC45-76D6-47A0-A598-89B3EE48A75F}.Debug|Any CPU.Build.0 = Debug|Any CPU
		{79AECC45-76D6-47A0-A598-89B3EE48A75F}.Release|Any CPU.ActiveCfg = Release|Any CPU
		{79AECC45-76D6-47A0-A598-89B3EE48A75F}.Release|Any CPU.Build.0 = Release|Any CPU
		{AA8EFA8A-CF0F-407D-91AD-BA2C774B8B0F}.Debug|Any CPU.ActiveCfg = Debug|Any CPU
		{AA8EFA8A-CF0F-407D-91AD-BA2C774B8B0F}.Debug|Any CPU.Build.0 = Debug|Any CPU
		{AA8EFA8A-CF0F-407D-91AD-BA2C774B8B0F}.Release|Any CPU.ActiveCfg = Release|Any CPU
		{AA8EFA8A-CF0F-407D-91AD-BA2C774B8B0F}.Release|Any CPU.Build.0 = Release|Any CPU
		{E01D3A21-6F96-4472-8368-10F39F920C44}.Debug|Any CPU.ActiveCfg = Debug|Any CPU
		{E01D3A21-6F96-4472-8368-10F39F920C44}.Debug|Any CPU.Build.0 = Debug|Any CPU
		{E01D3A21-6F96-4472-8368-10F39F920C44}.Release|Any CPU.ActiveCfg = Release|Any CPU
		{E01D3A21-6F96-4472-8368-10F39F920C44}.Release|Any CPU.Build.0 = Release|Any CPU
		{9C5B8213-8AC7-47E9-AA79-2824B8D6F63C}.Debug|Any CPU.ActiveCfg = Debug|Any CPU
		{9C5B8213-8AC7-47E9-AA79-2824B8D6F63C}.Debug|Any CPU.Build.0 = Debug|Any CPU
		{9C5B8213-8AC7-47E9-AA79-2824B8D6F63C}.Release|Any CPU.ActiveCfg = Release|Any CPU
		{9C5B8213-8AC7-47E9-AA79-2824B8D6F63C}.Release|Any CPU.Build.0 = Release|Any CPU
		{C531C304-C064-4EBD-BDFD-DA1C7053CB39}.Debug|Any CPU.ActiveCfg = Debug|Any CPU
		{C531C304-C064-4EBD-BDFD-DA1C7053CB39}.Debug|Any CPU.Build.0 = Debug|Any CPU
		{C531C304-C064-4EBD-BDFD-DA1C7053CB39}.Release|Any CPU.ActiveCfg = Release|Any CPU
		{C531C304-C064-4EBD-BDFD-DA1C7053CB39}.Release|Any CPU.Build.0 = Release|Any CPU
		{D9518949-18B9-4FA2-8835-8E276EC95FBC}.Debug|Any CPU.ActiveCfg = Debug|Any CPU
		{D9518949-18B9-4FA2-8835-8E276EC95FBC}.Debug|Any CPU.Build.0 = Debug|Any CPU
		{D9518949-18B9-4FA2-8835-8E276EC95FBC}.Release|Any CPU.ActiveCfg = Release|Any CPU
		{D9518949-18B9-4FA2-8835-8E276EC95FBC}.Release|Any CPU.Build.0 = Release|Any CPU
		{03962597-7D2D-47B2-BF05-CB90317F90E9}.Debug|Any CPU.ActiveCfg = Debug|Any CPU
		{03962597-7D2D-47B2-BF05-CB90317F90E9}.Debug|Any CPU.Build.0 = Debug|Any CPU
		{03962597-7D2D-47B2-BF05-CB90317F90E9}.Release|Any CPU.ActiveCfg = Release|Any CPU
		{03962597-7D2D-47B2-BF05-CB90317F90E9}.Release|Any CPU.Build.0 = Release|Any CPU
		{ABCAE551-FFEA-4E4D-89E0-2374ED61250B}.Debug|Any CPU.ActiveCfg = Debug|Any CPU
		{ABCAE551-FFEA-4E4D-89E0-2374ED61250B}.Debug|Any CPU.Build.0 = Debug|Any CPU
		{ABCAE551-FFEA-4E4D-89E0-2374ED61250B}.Release|Any CPU.ActiveCfg = Release|Any CPU
		{ABCAE551-FFEA-4E4D-89E0-2374ED61250B}.Release|Any CPU.Build.0 = Release|Any CPU
		{DBCCB045-390B-4BD3-883F-2384ED52FC15}.Debug|Any CPU.ActiveCfg = Debug|Any CPU
		{DBCCB045-390B-4BD3-883F-2384ED52FC15}.Debug|Any CPU.Build.0 = Debug|Any CPU
		{DBCCB045-390B-4BD3-883F-2384ED52FC15}.Release|Any CPU.ActiveCfg = Release|Any CPU
		{DBCCB045-390B-4BD3-883F-2384ED52FC15}.Release|Any CPU.Build.0 = Release|Any CPU
		{593F1EAD-01D2-4A76-B8A5-FCFD3B90F99C}.Debug|Any CPU.ActiveCfg = Debug|Any CPU
		{593F1EAD-01D2-4A76-B8A5-FCFD3B90F99C}.Debug|Any CPU.Build.0 = Debug|Any CPU
		{593F1EAD-01D2-4A76-B8A5-FCFD3B90F99C}.Release|Any CPU.ActiveCfg = Release|Any CPU
		{593F1EAD-01D2-4A76-B8A5-FCFD3B90F99C}.Release|Any CPU.Build.0 = Release|Any CPU
		{3438CBDF-ED60-422A-9D23-036D2F269EF8}.Debug|Any CPU.ActiveCfg = Debug|Any CPU
		{3438CBDF-ED60-422A-9D23-036D2F269EF8}.Debug|Any CPU.Build.0 = Debug|Any CPU
		{3438CBDF-ED60-422A-9D23-036D2F269EF8}.Release|Any CPU.ActiveCfg = Release|Any CPU
		{3438CBDF-ED60-422A-9D23-036D2F269EF8}.Release|Any CPU.Build.0 = Release|Any CPU
		{7F475B58-1EBC-4CA2-9FCF-0D7587454F3E}.Debug|Any CPU.ActiveCfg = Debug|Any CPU
		{7F475B58-1EBC-4CA2-9FCF-0D7587454F3E}.Debug|Any CPU.Build.0 = Debug|Any CPU
		{7F475B58-1EBC-4CA2-9FCF-0D7587454F3E}.Release|Any CPU.ActiveCfg = Release|Any CPU
		{7F475B58-1EBC-4CA2-9FCF-0D7587454F3E}.Release|Any CPU.Build.0 = Release|Any CPU
		{366FCC48-BE28-4C93-84BF-316CC7AD486D}.Debug|Any CPU.ActiveCfg = Debug|Any CPU
		{366FCC48-BE28-4C93-84BF-316CC7AD486D}.Debug|Any CPU.Build.0 = Debug|Any CPU
		{366FCC48-BE28-4C93-84BF-316CC7AD486D}.Release|Any CPU.ActiveCfg = Release|Any CPU
		{366FCC48-BE28-4C93-84BF-316CC7AD486D}.Release|Any CPU.Build.0 = Release|Any CPU
		{371E3F58-CF84-4B20-8FC2-6CA90BDAE369}.Debug|Any CPU.ActiveCfg = Debug|Any CPU
		{371E3F58-CF84-4B20-8FC2-6CA90BDAE369}.Debug|Any CPU.Build.0 = Debug|Any CPU
		{371E3F58-CF84-4B20-8FC2-6CA90BDAE369}.Release|Any CPU.ActiveCfg = Release|Any CPU
		{371E3F58-CF84-4B20-8FC2-6CA90BDAE369}.Release|Any CPU.Build.0 = Release|Any CPU
		{E7ED5C5F-C0BB-4258-A89F-85134D2870CE}.Debug|Any CPU.ActiveCfg = Debug|Any CPU
		{E7ED5C5F-C0BB-4258-A89F-85134D2870CE}.Debug|Any CPU.Build.0 = Debug|Any CPU
		{E7ED5C5F-C0BB-4258-A89F-85134D2870CE}.Release|Any CPU.ActiveCfg = Release|Any CPU
		{E7ED5C5F-C0BB-4258-A89F-85134D2870CE}.Release|Any CPU.Build.0 = Release|Any CPU
		{9AB8ED63-32BB-45B6-9689-FA09F7B4EEC2}.Debug|Any CPU.ActiveCfg = Debug|Any CPU
		{9AB8ED63-32BB-45B6-9689-FA09F7B4EEC2}.Debug|Any CPU.Build.0 = Debug|Any CPU
		{9AB8ED63-32BB-45B6-9689-FA09F7B4EEC2}.Release|Any CPU.ActiveCfg = Release|Any CPU
		{9AB8ED63-32BB-45B6-9689-FA09F7B4EEC2}.Release|Any CPU.Build.0 = Release|Any CPU
		{A3ED5034-9266-4EFA-9BB7-D54B38EDD78D}.Debug|Any CPU.ActiveCfg = Debug|Any CPU
		{A3ED5034-9266-4EFA-9BB7-D54B38EDD78D}.Debug|Any CPU.Build.0 = Debug|Any CPU
		{A3ED5034-9266-4EFA-9BB7-D54B38EDD78D}.Release|Any CPU.ActiveCfg = Release|Any CPU
		{A3ED5034-9266-4EFA-9BB7-D54B38EDD78D}.Release|Any CPU.Build.0 = Release|Any CPU
		{20E9AE93-3C7F-4180-847A-41B76B35FD3E}.Debug|Any CPU.ActiveCfg = Debug|Any CPU
		{20E9AE93-3C7F-4180-847A-41B76B35FD3E}.Debug|Any CPU.Build.0 = Debug|Any CPU
		{20E9AE93-3C7F-4180-847A-41B76B35FD3E}.Release|Any CPU.ActiveCfg = Release|Any CPU
		{20E9AE93-3C7F-4180-847A-41B76B35FD3E}.Release|Any CPU.Build.0 = Release|Any CPU
		{6CB638F3-4816-4C0A-BC06-274C65553F69}.Debug|Any CPU.ActiveCfg = Debug|Any CPU
		{6CB638F3-4816-4C0A-BC06-274C65553F69}.Debug|Any CPU.Build.0 = Debug|Any CPU
		{6CB638F3-4816-4C0A-BC06-274C65553F69}.Release|Any CPU.ActiveCfg = Release|Any CPU
		{6CB638F3-4816-4C0A-BC06-274C65553F69}.Release|Any CPU.Build.0 = Release|Any CPU
		{F029434A-C019-48FA-8E8C-40462C1B7601}.Debug|Any CPU.ActiveCfg = Debug|Any CPU
		{F029434A-C019-48FA-8E8C-40462C1B7601}.Debug|Any CPU.Build.0 = Debug|Any CPU
		{F029434A-C019-48FA-8E8C-40462C1B7601}.Release|Any CPU.ActiveCfg = Release|Any CPU
		{F029434A-C019-48FA-8E8C-40462C1B7601}.Release|Any CPU.Build.0 = Release|Any CPU
		{477682E0-606F-4D17-9C01-1357BBFE4362}.Debug|Any CPU.ActiveCfg = Debug|Any CPU
		{477682E0-606F-4D17-9C01-1357BBFE4362}.Debug|Any CPU.Build.0 = Debug|Any CPU
		{477682E0-606F-4D17-9C01-1357BBFE4362}.Release|Any CPU.ActiveCfg = Release|Any CPU
		{477682E0-606F-4D17-9C01-1357BBFE4362}.Release|Any CPU.Build.0 = Release|Any CPU
		{3DE90ECD-1D08-4118-98D3-6E9B32B0B89D}.Debug|Any CPU.ActiveCfg = Debug|Any CPU
		{3DE90ECD-1D08-4118-98D3-6E9B32B0B89D}.Debug|Any CPU.Build.0 = Debug|Any CPU
		{3DE90ECD-1D08-4118-98D3-6E9B32B0B89D}.Release|Any CPU.ActiveCfg = Release|Any CPU
		{3DE90ECD-1D08-4118-98D3-6E9B32B0B89D}.Release|Any CPU.Build.0 = Release|Any CPU
		{C291BE1B-CF38-46E1-8683-D5955605E7D5}.Debug|Any CPU.ActiveCfg = Debug|Any CPU
		{C291BE1B-CF38-46E1-8683-D5955605E7D5}.Debug|Any CPU.Build.0 = Debug|Any CPU
		{C291BE1B-CF38-46E1-8683-D5955605E7D5}.Release|Any CPU.ActiveCfg = Release|Any CPU
		{C291BE1B-CF38-46E1-8683-D5955605E7D5}.Release|Any CPU.Build.0 = Release|Any CPU
		{3684100C-00DE-4165-A8A4-7359A8AFF372}.Debug|Any CPU.ActiveCfg = Debug|Any CPU
		{3684100C-00DE-4165-A8A4-7359A8AFF372}.Debug|Any CPU.Build.0 = Debug|Any CPU
		{3684100C-00DE-4165-A8A4-7359A8AFF372}.Release|Any CPU.ActiveCfg = Release|Any CPU
		{3684100C-00DE-4165-A8A4-7359A8AFF372}.Release|Any CPU.Build.0 = Release|Any CPU
		{BED77B8A-EDD7-4B63-A032-B049ECDD9D09}.Debug|Any CPU.ActiveCfg = Debug|Any CPU
		{BED77B8A-EDD7-4B63-A032-B049ECDD9D09}.Debug|Any CPU.Build.0 = Debug|Any CPU
		{BED77B8A-EDD7-4B63-A032-B049ECDD9D09}.Release|Any CPU.ActiveCfg = Release|Any CPU
		{BED77B8A-EDD7-4B63-A032-B049ECDD9D09}.Release|Any CPU.Build.0 = Release|Any CPU
		{85EE2C7B-9A22-4955-8A25-2191BBD81BC6}.Debug|Any CPU.ActiveCfg = Debug|Any CPU
		{85EE2C7B-9A22-4955-8A25-2191BBD81BC6}.Debug|Any CPU.Build.0 = Debug|Any CPU
		{85EE2C7B-9A22-4955-8A25-2191BBD81BC6}.Release|Any CPU.ActiveCfg = Release|Any CPU
		{85EE2C7B-9A22-4955-8A25-2191BBD81BC6}.Release|Any CPU.Build.0 = Release|Any CPU
		{5642652B-7C2A-424C-8B78-DF3458A46CD3}.Debug|Any CPU.ActiveCfg = Debug|Any CPU
		{5642652B-7C2A-424C-8B78-DF3458A46CD3}.Debug|Any CPU.Build.0 = Debug|Any CPU
		{5642652B-7C2A-424C-8B78-DF3458A46CD3}.Release|Any CPU.ActiveCfg = Release|Any CPU
		{5642652B-7C2A-424C-8B78-DF3458A46CD3}.Release|Any CPU.Build.0 = Release|Any CPU
		{E6E18625-4C1B-46F4-8145-E8D9715A385C}.Debug|Any CPU.ActiveCfg = Debug|Any CPU
		{E6E18625-4C1B-46F4-8145-E8D9715A385C}.Debug|Any CPU.Build.0 = Debug|Any CPU
		{E6E18625-4C1B-46F4-8145-E8D9715A385C}.Release|Any CPU.ActiveCfg = Release|Any CPU
		{E6E18625-4C1B-46F4-8145-E8D9715A385C}.Release|Any CPU.Build.0 = Release|Any CPU
		{B691B830-AFD6-498A-BA84-62CBA1A8FEDB}.Debug|Any CPU.ActiveCfg = Debug|Any CPU
		{B691B830-AFD6-498A-BA84-62CBA1A8FEDB}.Debug|Any CPU.Build.0 = Debug|Any CPU
		{B691B830-AFD6-498A-BA84-62CBA1A8FEDB}.Release|Any CPU.ActiveCfg = Release|Any CPU
		{B691B830-AFD6-498A-BA84-62CBA1A8FEDB}.Release|Any CPU.Build.0 = Release|Any CPU
		{7000B8A7-099D-4C82-9EB1-D222583608C8}.Debug|Any CPU.ActiveCfg = Debug|Any CPU
		{7000B8A7-099D-4C82-9EB1-D222583608C8}.Debug|Any CPU.Build.0 = Debug|Any CPU
		{7000B8A7-099D-4C82-9EB1-D222583608C8}.Release|Any CPU.ActiveCfg = Release|Any CPU
		{7000B8A7-099D-4C82-9EB1-D222583608C8}.Release|Any CPU.Build.0 = Release|Any CPU
		{46CF3AEA-5859-4BC9-947C-536479A8C72A}.Debug|Any CPU.ActiveCfg = Debug|Any CPU
		{46CF3AEA-5859-4BC9-947C-536479A8C72A}.Debug|Any CPU.Build.0 = Debug|Any CPU
		{46CF3AEA-5859-4BC9-947C-536479A8C72A}.Release|Any CPU.ActiveCfg = Release|Any CPU
		{46CF3AEA-5859-4BC9-947C-536479A8C72A}.Release|Any CPU.Build.0 = Release|Any CPU
		{D0D6945A-5419-4B93-9B02-31AD86C58C15}.Debug|Any CPU.ActiveCfg = Debug|Any CPU
		{D0D6945A-5419-4B93-9B02-31AD86C58C15}.Debug|Any CPU.Build.0 = Debug|Any CPU
		{D0D6945A-5419-4B93-9B02-31AD86C58C15}.Release|Any CPU.ActiveCfg = Release|Any CPU
		{D0D6945A-5419-4B93-9B02-31AD86C58C15}.Release|Any CPU.Build.0 = Release|Any CPU
		{F1363E17-B72E-4757-B493-C8557F3DFA9C}.Debug|Any CPU.ActiveCfg = Debug|Any CPU
		{F1363E17-B72E-4757-B493-C8557F3DFA9C}.Debug|Any CPU.Build.0 = Debug|Any CPU
		{F1363E17-B72E-4757-B493-C8557F3DFA9C}.Release|Any CPU.ActiveCfg = Release|Any CPU
		{F1363E17-B72E-4757-B493-C8557F3DFA9C}.Release|Any CPU.Build.0 = Release|Any CPU
		{00C01190-5EFF-4D35-BC2E-5B70B2096DD4}.Debug|Any CPU.ActiveCfg = Debug|Any CPU
		{00C01190-5EFF-4D35-BC2E-5B70B2096DD4}.Debug|Any CPU.Build.0 = Debug|Any CPU
		{00C01190-5EFF-4D35-BC2E-5B70B2096DD4}.Release|Any CPU.ActiveCfg = Release|Any CPU
		{00C01190-5EFF-4D35-BC2E-5B70B2096DD4}.Release|Any CPU.Build.0 = Release|Any CPU
		{A4455D4A-0188-4600-B9D3-344E37920BB7}.Debug|Any CPU.ActiveCfg = Debug|Any CPU
		{A4455D4A-0188-4600-B9D3-344E37920BB7}.Debug|Any CPU.Build.0 = Debug|Any CPU
		{A4455D4A-0188-4600-B9D3-344E37920BB7}.Release|Any CPU.ActiveCfg = Release|Any CPU
		{A4455D4A-0188-4600-B9D3-344E37920BB7}.Release|Any CPU.Build.0 = Release|Any CPU
		{525EDD28-9C47-4B3A-9E96-9DEF6AAE112B}.Debug|Any CPU.ActiveCfg = Debug|Any CPU
		{525EDD28-9C47-4B3A-9E96-9DEF6AAE112B}.Debug|Any CPU.Build.0 = Debug|Any CPU
		{525EDD28-9C47-4B3A-9E96-9DEF6AAE112B}.Release|Any CPU.ActiveCfg = Release|Any CPU
		{525EDD28-9C47-4B3A-9E96-9DEF6AAE112B}.Release|Any CPU.Build.0 = Release|Any CPU
		{67FF2413-04F4-435B-9592-FABB5E44E13A}.Debug|Any CPU.ActiveCfg = Debug|Any CPU
		{67FF2413-04F4-435B-9592-FABB5E44E13A}.Debug|Any CPU.Build.0 = Debug|Any CPU
		{67FF2413-04F4-435B-9592-FABB5E44E13A}.Release|Any CPU.ActiveCfg = Release|Any CPU
		{67FF2413-04F4-435B-9592-FABB5E44E13A}.Release|Any CPU.Build.0 = Release|Any CPU
		{9DCDF3EC-DFBF-4641-B8C5-3934A44EF52E}.Debug|Any CPU.ActiveCfg = Debug|Any CPU
		{9DCDF3EC-DFBF-4641-B8C5-3934A44EF52E}.Debug|Any CPU.Build.0 = Debug|Any CPU
		{9DCDF3EC-DFBF-4641-B8C5-3934A44EF52E}.Release|Any CPU.ActiveCfg = Release|Any CPU
		{9DCDF3EC-DFBF-4641-B8C5-3934A44EF52E}.Release|Any CPU.Build.0 = Release|Any CPU
		{09815811-8E38-4F67-80DA-1B5339FBD44E}.Debug|Any CPU.ActiveCfg = Debug|Any CPU
		{09815811-8E38-4F67-80DA-1B5339FBD44E}.Debug|Any CPU.Build.0 = Debug|Any CPU
		{09815811-8E38-4F67-80DA-1B5339FBD44E}.Release|Any CPU.ActiveCfg = Release|Any CPU
		{09815811-8E38-4F67-80DA-1B5339FBD44E}.Release|Any CPU.Build.0 = Release|Any CPU
		{298B99D0-32B4-4627-AC98-3E899C75A012}.Debug|Any CPU.ActiveCfg = Debug|Any CPU
		{298B99D0-32B4-4627-AC98-3E899C75A012}.Debug|Any CPU.Build.0 = Debug|Any CPU
		{298B99D0-32B4-4627-AC98-3E899C75A012}.Release|Any CPU.ActiveCfg = Release|Any CPU
		{298B99D0-32B4-4627-AC98-3E899C75A012}.Release|Any CPU.Build.0 = Release|Any CPU
		{625E1360-FB49-427B-87D1-D8190C52CECD}.Debug|Any CPU.ActiveCfg = Debug|Any CPU
		{625E1360-FB49-427B-87D1-D8190C52CECD}.Debug|Any CPU.Build.0 = Debug|Any CPU
		{625E1360-FB49-427B-87D1-D8190C52CECD}.Release|Any CPU.ActiveCfg = Release|Any CPU
		{625E1360-FB49-427B-87D1-D8190C52CECD}.Release|Any CPU.Build.0 = Release|Any CPU
		{35FFB4C6-28B3-4978-8274-E5322B5A3EF5}.Debug|Any CPU.ActiveCfg = Debug|Any CPU
		{35FFB4C6-28B3-4978-8274-E5322B5A3EF5}.Debug|Any CPU.Build.0 = Debug|Any CPU
		{35FFB4C6-28B3-4978-8274-E5322B5A3EF5}.Release|Any CPU.ActiveCfg = Release|Any CPU
		{35FFB4C6-28B3-4978-8274-E5322B5A3EF5}.Release|Any CPU.Build.0 = Release|Any CPU
		{B24C7950-4E34-48BD-8020-3C96638F7A78}.Debug|Any CPU.ActiveCfg = Debug|Any CPU
		{B24C7950-4E34-48BD-8020-3C96638F7A78}.Debug|Any CPU.Build.0 = Debug|Any CPU
		{B24C7950-4E34-48BD-8020-3C96638F7A78}.Release|Any CPU.ActiveCfg = Release|Any CPU
		{B24C7950-4E34-48BD-8020-3C96638F7A78}.Release|Any CPU.Build.0 = Release|Any CPU
		{5FF247C1-8411-4FFC-B707-7F55D124650F}.Debug|Any CPU.ActiveCfg = Debug|Any CPU
		{5FF247C1-8411-4FFC-B707-7F55D124650F}.Debug|Any CPU.Build.0 = Debug|Any CPU
		{5FF247C1-8411-4FFC-B707-7F55D124650F}.Release|Any CPU.ActiveCfg = Release|Any CPU
		{5FF247C1-8411-4FFC-B707-7F55D124650F}.Release|Any CPU.Build.0 = Release|Any CPU
		{BE0FC2DC-CDE6-4FA0-AF62-76A3988417FC}.Debug|Any CPU.ActiveCfg = Debug|Any CPU
		{BE0FC2DC-CDE6-4FA0-AF62-76A3988417FC}.Debug|Any CPU.Build.0 = Debug|Any CPU
		{BE0FC2DC-CDE6-4FA0-AF62-76A3988417FC}.Release|Any CPU.ActiveCfg = Release|Any CPU
		{BE0FC2DC-CDE6-4FA0-AF62-76A3988417FC}.Release|Any CPU.Build.0 = Release|Any CPU
		{F0B7659F-5278-45E9-A10E-6ECD652F6359}.Debug|Any CPU.ActiveCfg = Debug|Any CPU
		{F0B7659F-5278-45E9-A10E-6ECD652F6359}.Debug|Any CPU.Build.0 = Debug|Any CPU
		{F0B7659F-5278-45E9-A10E-6ECD652F6359}.Release|Any CPU.ActiveCfg = Release|Any CPU
		{F0B7659F-5278-45E9-A10E-6ECD652F6359}.Release|Any CPU.Build.0 = Release|Any CPU
		{AC818532-FAE2-47B3-A8EB-9242E0C64B87}.Debug|Any CPU.ActiveCfg = Debug|Any CPU
		{AC818532-FAE2-47B3-A8EB-9242E0C64B87}.Debug|Any CPU.Build.0 = Debug|Any CPU
		{AC818532-FAE2-47B3-A8EB-9242E0C64B87}.Release|Any CPU.ActiveCfg = Release|Any CPU
		{AC818532-FAE2-47B3-A8EB-9242E0C64B87}.Release|Any CPU.Build.0 = Release|Any CPU
		{1506859F-6EC5-409F-A9F7-3D5A31FA9675}.Debug|Any CPU.ActiveCfg = Debug|Any CPU
		{1506859F-6EC5-409F-A9F7-3D5A31FA9675}.Debug|Any CPU.Build.0 = Debug|Any CPU
		{1506859F-6EC5-409F-A9F7-3D5A31FA9675}.Release|Any CPU.ActiveCfg = Release|Any CPU
		{1506859F-6EC5-409F-A9F7-3D5A31FA9675}.Release|Any CPU.Build.0 = Release|Any CPU
		{335F1CA4-F1DD-4607-9EA3-BA3755DD4884}.Debug|Any CPU.ActiveCfg = Debug|Any CPU
		{335F1CA4-F1DD-4607-9EA3-BA3755DD4884}.Debug|Any CPU.Build.0 = Debug|Any CPU
		{335F1CA4-F1DD-4607-9EA3-BA3755DD4884}.Release|Any CPU.ActiveCfg = Release|Any CPU
		{335F1CA4-F1DD-4607-9EA3-BA3755DD4884}.Release|Any CPU.Build.0 = Release|Any CPU
		{A9336B8B-5CAD-4EED-8106-9F65E83046EE}.Debug|Any CPU.ActiveCfg = Debug|Any CPU
		{A9336B8B-5CAD-4EED-8106-9F65E83046EE}.Debug|Any CPU.Build.0 = Debug|Any CPU
		{A9336B8B-5CAD-4EED-8106-9F65E83046EE}.Release|Any CPU.ActiveCfg = Release|Any CPU
		{A9336B8B-5CAD-4EED-8106-9F65E83046EE}.Release|Any CPU.Build.0 = Release|Any CPU
		{8249205A-AC2B-4B38-AF04-D632AB3A3C93}.Debug|Any CPU.ActiveCfg = Debug|Any CPU
		{8249205A-AC2B-4B38-AF04-D632AB3A3C93}.Debug|Any CPU.Build.0 = Debug|Any CPU
		{8249205A-AC2B-4B38-AF04-D632AB3A3C93}.Release|Any CPU.ActiveCfg = Release|Any CPU
		{8249205A-AC2B-4B38-AF04-D632AB3A3C93}.Release|Any CPU.Build.0 = Release|Any CPU
		{995EEE18-B0C3-437E-A463-1D347C2719FB}.Debug|Any CPU.ActiveCfg = Debug|Any CPU
		{995EEE18-B0C3-437E-A463-1D347C2719FB}.Debug|Any CPU.Build.0 = Debug|Any CPU
		{995EEE18-B0C3-437E-A463-1D347C2719FB}.Release|Any CPU.ActiveCfg = Release|Any CPU
		{995EEE18-B0C3-437E-A463-1D347C2719FB}.Release|Any CPU.Build.0 = Release|Any CPU
		{BADA11C4-6502-47EC-9802-E43D6483CB92}.Debug|Any CPU.ActiveCfg = Debug|Any CPU
		{BADA11C4-6502-47EC-9802-E43D6483CB92}.Debug|Any CPU.Build.0 = Debug|Any CPU
		{BADA11C4-6502-47EC-9802-E43D6483CB92}.Release|Any CPU.ActiveCfg = Release|Any CPU
		{BADA11C4-6502-47EC-9802-E43D6483CB92}.Release|Any CPU.Build.0 = Release|Any CPU
		{2FF3BFBE-0A46-432C-A1FE-CF0A54A2728D}.Debug|Any CPU.ActiveCfg = Debug|Any CPU
		{2FF3BFBE-0A46-432C-A1FE-CF0A54A2728D}.Debug|Any CPU.Build.0 = Debug|Any CPU
		{2FF3BFBE-0A46-432C-A1FE-CF0A54A2728D}.Release|Any CPU.ActiveCfg = Release|Any CPU
		{2FF3BFBE-0A46-432C-A1FE-CF0A54A2728D}.Release|Any CPU.Build.0 = Release|Any CPU
		{679F3299-5768-4572-8014-A7DCEE22D79E}.Debug|Any CPU.ActiveCfg = Debug|Any CPU
		{679F3299-5768-4572-8014-A7DCEE22D79E}.Debug|Any CPU.Build.0 = Debug|Any CPU
		{679F3299-5768-4572-8014-A7DCEE22D79E}.Release|Any CPU.ActiveCfg = Release|Any CPU
		{679F3299-5768-4572-8014-A7DCEE22D79E}.Release|Any CPU.Build.0 = Release|Any CPU
		{39026D6D-1E63-4ECC-9449-1A32CCFFA958}.Debug|Any CPU.ActiveCfg = Debug|Any CPU
		{39026D6D-1E63-4ECC-9449-1A32CCFFA958}.Debug|Any CPU.Build.0 = Debug|Any CPU
		{39026D6D-1E63-4ECC-9449-1A32CCFFA958}.Release|Any CPU.ActiveCfg = Release|Any CPU
		{39026D6D-1E63-4ECC-9449-1A32CCFFA958}.Release|Any CPU.Build.0 = Release|Any CPU
		{50B2E557-B047-4707-BDB7-234222BC4FCB}.Debug|Any CPU.ActiveCfg = Debug|Any CPU
		{50B2E557-B047-4707-BDB7-234222BC4FCB}.Debug|Any CPU.Build.0 = Debug|Any CPU
		{50B2E557-B047-4707-BDB7-234222BC4FCB}.Release|Any CPU.ActiveCfg = Release|Any CPU
		{50B2E557-B047-4707-BDB7-234222BC4FCB}.Release|Any CPU.Build.0 = Release|Any CPU
		{70A19975-5A0D-4ECF-A2D7-A1714710FFA9}.Debug|Any CPU.ActiveCfg = Debug|Any CPU
		{70A19975-5A0D-4ECF-A2D7-A1714710FFA9}.Debug|Any CPU.Build.0 = Debug|Any CPU
		{70A19975-5A0D-4ECF-A2D7-A1714710FFA9}.Release|Any CPU.ActiveCfg = Release|Any CPU
		{70A19975-5A0D-4ECF-A2D7-A1714710FFA9}.Release|Any CPU.Build.0 = Release|Any CPU
		{69FAB448-DD22-4A1A-BA26-4BBDB0BB9DB5}.Debug|Any CPU.ActiveCfg = Debug|Any CPU
		{69FAB448-DD22-4A1A-BA26-4BBDB0BB9DB5}.Debug|Any CPU.Build.0 = Debug|Any CPU
		{69FAB448-DD22-4A1A-BA26-4BBDB0BB9DB5}.Release|Any CPU.ActiveCfg = Release|Any CPU
		{69FAB448-DD22-4A1A-BA26-4BBDB0BB9DB5}.Release|Any CPU.Build.0 = Release|Any CPU
		{8F2C7EC8-D45A-432F-94C6-00F98C7A8B74}.Debug|Any CPU.ActiveCfg = Debug|Any CPU
		{8F2C7EC8-D45A-432F-94C6-00F98C7A8B74}.Debug|Any CPU.Build.0 = Debug|Any CPU
		{8F2C7EC8-D45A-432F-94C6-00F98C7A8B74}.Release|Any CPU.ActiveCfg = Release|Any CPU
		{8F2C7EC8-D45A-432F-94C6-00F98C7A8B74}.Release|Any CPU.Build.0 = Release|Any CPU
		{40793150-4D67-4615-BAAC-8F7618709148}.Debug|Any CPU.ActiveCfg = Debug|Any CPU
		{40793150-4D67-4615-BAAC-8F7618709148}.Debug|Any CPU.Build.0 = Debug|Any CPU
		{40793150-4D67-4615-BAAC-8F7618709148}.Release|Any CPU.ActiveCfg = Release|Any CPU
		{40793150-4D67-4615-BAAC-8F7618709148}.Release|Any CPU.Build.0 = Release|Any CPU
	EndGlobalSection
	GlobalSection(SolutionProperties) = preSolution
		HideSolutionNode = FALSE
	EndGlobalSection
	GlobalSection(ExtensibilityGlobals) = postSolution
		SolutionGuid = {19BC5B62-E73F-4985-B732-9E631B786C64}
	EndGlobalSection
EndGlobal
